
Microsoft Visual Studio Solution File, Format Version 12.00
# Visual Studio Version 16
VisualStudioVersion = 16.0.30204.135
MinimumVisualStudioVersion = 10.0.40219.1
Project("{FAE04EC0-301F-11D3-BF4B-00C04F79EFBC}") = "MyShop.Core", "MyShop.Core\MyShop.Core.csproj", "{EF25AC40-595E-48CE-9623-024568A0C0C3}"
EndProject
Project("{FAE04EC0-301F-11D3-BF4B-00C04F79EFBC}") = "MyShop.Services", "MyShop.Services\MyShop.Services.csproj", "{304B0CAB-BCCD-4F1E-A577-B66E6E8DCE0C}"
EndProject
Project("{FAE04EC0-301F-11D3-BF4B-00C04F79EFBC}") = "MyShop.DataAccess.SQL", "MyShop.DataAccess.SQL\MyShop.DataAccess.SQL.csproj", "{0387EF88-5A1F-499D-B2E8-823B72B2F988}"
EndProject
Project("{FAE04EC0-301F-11D3-BF4B-00C04F79EFBC}") = "MyShop.DataAccess.InMemory", "MyShop.DataAccess.InMemory\MyShop.DataAccess.InMemory.csproj", "{9702B86D-62A3-4E93-B84F-9545AC87F03A}"
EndProject
Project("{FAE04EC0-301F-11D3-BF4B-00C04F79EFBC}") = "MyShop.WebUI", "MyShop.WebUI\MyShop.WebUI.csproj", "{D95E2D7B-C5F0-4446-B7F6-C1F08F217083}"
EndProject
Project("{FAE04EC0-301F-11D3-BF4B-00C04F79EFBC}") = "MyShop.WebUI.Tests", "MyShop.WebUI.Tests\MyShop.WebUI.Tests.csproj", "{762FE06B-C9C1-4902-92C7-3892CFD72B8C}"
EndProject
Global
	GlobalSection(SolutionConfigurationPlatforms) = preSolution
		Debug|Any CPU = Debug|Any CPU
		Release|Any CPU = Release|Any CPU
	EndGlobalSection
	GlobalSection(ProjectConfigurationPlatforms) = postSolution
		{EF25AC40-595E-48CE-9623-024568A0C0C3}.Debug|Any CPU.ActiveCfg = Debug|Any CPU
		{EF25AC40-595E-48CE-9623-024568A0C0C3}.Debug|Any CPU.Build.0 = Debug|Any CPU
		{EF25AC40-595E-48CE-9623-024568A0C0C3}.Release|Any CPU.ActiveCfg = Release|Any CPU
		{EF25AC40-595E-48CE-9623-024568A0C0C3}.Release|Any CPU.Build.0 = Release|Any CPU
		{304B0CAB-BCCD-4F1E-A577-B66E6E8DCE0C}.Debug|Any CPU.ActiveCfg = Debug|Any CPU
		{304B0CAB-BCCD-4F1E-A577-B66E6E8DCE0C}.Debug|Any CPU.Build.0 = Debug|Any CPU
		{304B0CAB-BCCD-4F1E-A577-B66E6E8DCE0C}.Release|Any CPU.ActiveCfg = Release|Any CPU
		{304B0CAB-BCCD-4F1E-A577-B66E6E8DCE0C}.Release|Any CPU.Build.0 = Release|Any CPU
		{0387EF88-5A1F-499D-B2E8-823B72B2F988}.Debug|Any CPU.ActiveCfg = Debug|Any CPU
		{0387EF88-5A1F-499D-B2E8-823B72B2F988}.Debug|Any CPU.Build.0 = Debug|Any CPU
		{0387EF88-5A1F-499D-B2E8-823B72B2F988}.Release|Any CPU.ActiveCfg = Release|Any CPU
		{0387EF88-5A1F-499D-B2E8-823B72B2F988}.Release|Any CPU.Build.0 = Release|Any CPU
		{9702B86D-62A3-4E93-B84F-9545AC87F03A}.Debug|Any CPU.ActiveCfg = Debug|Any CPU
		{9702B86D-62A3-4E93-B84F-9545AC87F03A}.Debug|Any CPU.Build.0 = Debug|Any CPU
		{9702B86D-62A3-4E93-B84F-9545AC87F03A}.Release|Any CPU.ActiveCfg = Release|Any CPU
		{9702B86D-62A3-4E93-B84F-9545AC87F03A}.Release|Any CPU.Build.0 = Release|Any CPU
		{D95E2D7B-C5F0-4446-B7F6-C1F08F217083}.Debug|Any CPU.ActiveCfg = Debug|Any CPU
		{D95E2D7B-C5F0-4446-B7F6-C1F08F217083}.Debug|Any CPU.Build.0 = Debug|Any CPU
		{D95E2D7B-C5F0-4446-B7F6-C1F08F217083}.Release|Any CPU.ActiveCfg = Release|Any CPU
		{D95E2D7B-C5F0-4446-B7F6-C1F08F217083}.Release|Any CPU.Build.0 = Release|Any CPU
		{762FE06B-C9C1-4902-92C7-3892CFD72B8C}.Debug|Any CPU.ActiveCfg = Debug|Any CPU
		{762FE06B-C9C1-4902-92C7-3892CFD72B8C}.Debug|Any CPU.Build.0 = Debug|Any CPU
		{762FE06B-C9C1-4902-92C7-3892CFD72B8C}.Release|Any CPU.ActiveCfg = Release|Any CPU
		{762FE06B-C9C1-4902-92C7-3892CFD72B8C}.Release|Any CPU.Build.0 = Release|Any CPU
	EndGlobalSection
	GlobalSection(SolutionProperties) = preSolution
		HideSolutionNode = FALSE
	EndGlobalSection
	GlobalSection(ExtensibilityGlobals) = postSolution
		SolutionGuid = {69CF5FA0-58F3-4B4F-8FF9-51622FB8731A}
	EndGlobalSection
EndGlobal
